
Microsoft Visual Studio Solution File, Format Version 12.00
# Visual Studio Version 17
VisualStudioVersion = 17.4.33110.190
MinimumVisualStudioVersion = 10.0.40219.1
Project("{9A19103F-16F7-4668-BE54-9A1E7A4F7556}") = "WebApp", "WebApp\WebApp.csproj", "{52756EB0-6E25-4410-83DE-9016A50F4A37}"
EndProject
Global
	GlobalSection(SolutionConfigurationPlatforms) = preSolution
		Debug|Any CPU = Debug|Any CPU
		Release|Any CPU = Release|Any CPU
	EndGlobalSection
	GlobalSection(ProjectConfigurationPlatforms) = postSolution
		{52756EB0-6E25-4410-83DE-9016A50F4A37}.Debug|Any CPU.ActiveCfg = Debug|Any CPU
		{52756EB0-6E25-4410-83DE-9016A50F4A37}.Debug|Any CPU.Build.0 = Debug|Any CPU
		{52756EB0-6E25-4410-83DE-9016A50F4A37}.Release|Any CPU.ActiveCfg = Release|Any CPU
		{52756EB0-6E25-4410-83DE-9016A50F4A37}.Release|Any CPU.Build.0 = Release|Any CPU
	EndGlobalSection
	GlobalSection(SolutionProperties) = preSolution
		HideSolutionNode = FALSE
	EndGlobalSection
	GlobalSection(ExtensibilityGlobals) = postSolution
		SolutionGuid = {4615C7CA-04DD-48BC-B184-D78633FDBBFC}
	EndGlobalSection
EndGlobal
