
Microsoft Visual Studio Solution File, Format Version 12.00
# Visual Studio Version 17
VisualStudioVersion = 17.3.32929.385
MinimumVisualStudioVersion = 10.0.40219.1
Project("{9A19103F-16F7-4668-BE54-9A1E7A4F7556}") = "AccountRecovery", "AccountRecovery\AccountRecovery.csproj", "{389485BD-E657-43B0-9F99-A1CFC1FCE3E1}"
EndProject
Project("{9A19103F-16F7-4668-BE54-9A1E7A4F7556}") = "EntryPoint", "EntryPoint\EntryPoint.csproj", "{C36E5977-045E-4762-9D44-2225C84D4077}"
EndProject
Project("{9A19103F-16F7-4668-BE54-9A1E7A4F7556}") = "RecoveryDao", "RecoveryDao\RecoveryDao.csproj", "{CA39CC61-8E1B-4FD7-B85C-D600BE9CAC87}"
EndProject
Project("{9A19103F-16F7-4668-BE54-9A1E7A4F7556}") = "AdminManager", "AdminManager\AdminManager.csproj", "{7AEC0221-11F2-4463-A7A7-1409A8D372CD}"
EndProject
Project("{FAE04EC0-301F-11D3-BF4B-00C04F79EFBC}") = "AccountRecoveryUnitTest", "AccountRecoveryUnitTest\AccountRecoveryUnitTest.csproj", "{B8747F6E-FC01-4111-A985-5BB3A2D72CF4}"
EndProject
Global
	GlobalSection(SolutionConfigurationPlatforms) = preSolution
		Debug|Any CPU = Debug|Any CPU
		Release|Any CPU = Release|Any CPU
	EndGlobalSection
	GlobalSection(ProjectConfigurationPlatforms) = postSolution
		{389485BD-E657-43B0-9F99-A1CFC1FCE3E1}.Debug|Any CPU.ActiveCfg = Debug|Any CPU
		{389485BD-E657-43B0-9F99-A1CFC1FCE3E1}.Debug|Any CPU.Build.0 = Debug|Any CPU
		{389485BD-E657-43B0-9F99-A1CFC1FCE3E1}.Release|Any CPU.ActiveCfg = Release|Any CPU
		{389485BD-E657-43B0-9F99-A1CFC1FCE3E1}.Release|Any CPU.Build.0 = Release|Any CPU
		{C36E5977-045E-4762-9D44-2225C84D4077}.Debug|Any CPU.ActiveCfg = Debug|Any CPU
		{C36E5977-045E-4762-9D44-2225C84D4077}.Debug|Any CPU.Build.0 = Debug|Any CPU
		{C36E5977-045E-4762-9D44-2225C84D4077}.Release|Any CPU.ActiveCfg = Release|Any CPU
		{C36E5977-045E-4762-9D44-2225C84D4077}.Release|Any CPU.Build.0 = Release|Any CPU
		{CA39CC61-8E1B-4FD7-B85C-D600BE9CAC87}.Debug|Any CPU.ActiveCfg = Debug|Any CPU
		{CA39CC61-8E1B-4FD7-B85C-D600BE9CAC87}.Debug|Any CPU.Build.0 = Debug|Any CPU
		{CA39CC61-8E1B-4FD7-B85C-D600BE9CAC87}.Release|Any CPU.ActiveCfg = Release|Any CPU
		{CA39CC61-8E1B-4FD7-B85C-D600BE9CAC87}.Release|Any CPU.Build.0 = Release|Any CPU
		{7AEC0221-11F2-4463-A7A7-1409A8D372CD}.Debug|Any CPU.ActiveCfg = Debug|Any CPU
		{7AEC0221-11F2-4463-A7A7-1409A8D372CD}.Debug|Any CPU.Build.0 = Debug|Any CPU
		{7AEC0221-11F2-4463-A7A7-1409A8D372CD}.Release|Any CPU.ActiveCfg = Release|Any CPU
		{7AEC0221-11F2-4463-A7A7-1409A8D372CD}.Release|Any CPU.Build.0 = Release|Any CPU
		{B8747F6E-FC01-4111-A985-5BB3A2D72CF4}.Debug|Any CPU.ActiveCfg = Debug|Any CPU
		{B8747F6E-FC01-4111-A985-5BB3A2D72CF4}.Debug|Any CPU.Build.0 = Debug|Any CPU
		{B8747F6E-FC01-4111-A985-5BB3A2D72CF4}.Release|Any CPU.ActiveCfg = Release|Any CPU
		{B8747F6E-FC01-4111-A985-5BB3A2D72CF4}.Release|Any CPU.Build.0 = Release|Any CPU
	EndGlobalSection
	GlobalSection(SolutionProperties) = preSolution
		HideSolutionNode = FALSE
	EndGlobalSection
	GlobalSection(ExtensibilityGlobals) = postSolution
		SolutionGuid = {B36A7F4A-0BF3-4D24-8D21-740E0A9F97B3}
	EndGlobalSection
EndGlobal
